{
  "name": "sin-pxpipe-runtime",
  "version": "0.1.0",
  "lockfileVersion": 3,
  "requires": true,
  "packages": {
    "": {
      "name": "sin-pxpipe-runtime",
      "version": "0.1.0",
      "dependencies": {
        "pxpipe-proxy": "0.10.0"
      },
      "engines": {
        "node": ">=18"
      }
    },
    "node_modules/gpt-tokenizer": {
      "version": "3.4.0",
      "resolved": "https://registry.npmjs.org/gpt-tokenizer/-/gpt-tokenizer-3.4.0.tgz",
      "integrity": "sha512-wxFLnhIXTDjYebd9A9pGl3e31ZpSypbpIJSOswbgop5jLte/AsZVDvjlbEuVFlsqZixVKqbcoNmRlFDf6pz/UQ==",
      "license": "MIT"
    },
    "node_modules/pxpipe-proxy": {
      "version": "0.10.0",
      "resolved": "https://registry.npmjs.org/pxpipe-proxy/-/pxpipe-proxy-0.10.0.tgz",
      "integrity": "sha512-lcaP7JOq51wdx+7DXd3lcZGTS2R2AZjBs65+Y7ADGjzVZm19BJmnGn2vYv8BB9xk/sqWML8S8UdQy+aXf4THnQ==",
      "license": "MIT",
      "dependencies": {
        "gpt-tokenizer": "^3.4.0"
      },
      "bin": {
        "pxpipe": "bin/cli.js"
      },
      "engines": {
        "node": ">=18"
      }
    }
  }
}
